
Microsoft Visual Studio Solution File, Format Version 12.00
# Visual Studio 15
Project("{FAE04EC0-301F-11D3-BF4B-00C04F79EFBC}") = "ImageProcessing", "ImageProcessing\ImageProcessing.csproj", "{04CD473D-1BAC-431E-894B-F4A3257D595E}"
EndProject
Global
	GlobalSection(SolutionConfigurationPlatforms) = preSolution
		Debug|anycpu = Debug|anycpu
		Release|anycpu = Release|anycpu
	EndGlobalSection
	GlobalSection(ProjectConfigurationPlatforms) = postSolution
		{04CD473D-1BAC-431E-894B-F4A3257D595E}.Debug|anycpu.ActiveCfg = Debug|anycpu
		{04CD473D-1BAC-431E-894B-F4A3257D595E}.Debug|anycpu.Build.0 = Debug|anycpu
		{04CD473D-1BAC-431E-894B-F4A3257D595E}.Release|anycpu.ActiveCfg = Release|anycpu
		{04CD473D-1BAC-431E-894B-F4A3257D595E}.Release|anycpu.Build.0 = Release|anycpu
	EndGlobalSection
EndGlobal
